{
  "version": 4,
  "terraform_version": "1.3.6",
  "serial": 57,
  "lineage": "2c037b2c-748a-2ad0-7797-6c77b3ed7088",
  "outputs": {},
  "resources": [
    {
      "mode": "data",
      "type": "cloudflare_zone",
      "name": "zone",
      "provider": "provider[\"registry.terraform.io/cloudflare/cloudflare\"]",
      "instances": [
        {
          "schema_version": 0,
          "attributes": {
            "account_id": "d208559de0d271a1535c59f97fac01a7",
            "id": "64fa290c159e1edfd0045b0839768b02",
            "name": "nextresearch.io",
            "name_servers": [
              "aria.ns.cloudflare.com",
              "dean.ns.cloudflare.com"
            ],
            "paused": false,
            "plan": "Free Website",
            "status": "active",
            "vanity_name_servers": [],
            "zone_id": "64fa290c159e1edfd0045b0839768b02"
          },
          "sensitive_attributes": []
        }
      ]
    },
    {
      "mode": "managed",
      "type": "cloudflare_record",
      "name": "vault",
      "provider": "provider[\"registry.terraform.io/cloudflare/cloudflare\"]",
      "instances": [
        {
          "schema_version": 2,
          "attributes": {
            "allow_overwrite": false,
            "comment": "",
            "created_on": "2023-03-05T09:08:00.010133Z",
            "data": [],
            "hostname": "nextresearch.io",
            "id": "126722e071e2a0beec1adac8ae45264c",
            "metadata": {
              "auto_added": "false",
              "managed_by_apps": "false",
              "managed_by_argo_tunnel": "false",
              "source": "primary"
            },
            "modified_on": "2023-03-05T09:08:00.010133Z",
            "name": "nextresearch.io",
            "priority": null,
            "proxiable": true,
            "proxied": true,
            "tags": null,
            "timeouts": null,
            "ttl": 1,
            "type": "A",
            "value": "170.187.152.27",
            "zone_id": "64fa290c159e1edfd0045b0839768b02"
          },
          "sensitive_attributes": [],
          "private": "eyJlMmJmYjczMC1lY2FhLTExZTYtOGY4OC0zNDM2M2JjN2M0YzAiOnsiY3JlYXRlIjozMDAwMDAwMDAwMCwidXBkYXRlIjozMDAwMDAwMDAwMH0sInNjaGVtYV92ZXJzaW9uIjoiMiJ9",
          "dependencies": [
            "data.cloudflare_zone.zone",
            "linode_instance.web"
          ]
        }
      ]
    },
    {
      "mode": "managed",
      "type": "linode_firewall",
      "name": "my_firewall",
      "provider": "provider[\"registry.terraform.io/linode/linode\"]",
      "instances": [
        {
          "schema_version": 0,
          "attributes": {
            "devices": [
              {
                "entity_id": 43404092,
                "id": 283220,
                "label": "nextresearch",
                "type": "linode",
                "url": "/v4/linode/instances/43404092"
              }
            ],
            "disabled": false,
            "id": "132265",
            "inbound": [
              {
                "action": "ACCEPT",
                "ipv4": [
                  "0.0.0.0/0"
                ],
                "ipv6": [
                  "::/0"
                ],
                "label": "allow-http",
                "ports": "80",
                "protocol": "TCP"
              }
            ],
            "inbound_policy": "DROP",
            "label": "my_firewall",
            "linodes": [
              43404092
            ],
            "outbound": [],
            "outbound_policy": "ACCEPT",
            "status": "enabled",
            "tags": null
          },
          "sensitive_attributes": [],
          "private": "bnVsbA==",
          "dependencies": [
            "linode_instance.web"
          ]
        }
      ]
    },
    {
      "mode": "managed",
      "type": "linode_instance",
      "name": "web",
      "provider": "provider[\"registry.terraform.io/linode/linode\"]",
      "instances": [
        {
          "schema_version": 0,
          "attributes": {
            "alerts": [
              {
                "cpu": 90,
                "io": 10000,
                "network_in": 10,
                "network_out": 10,
                "transfer_quota": 80
              }
            ],
            "authorized_keys": [
              "ssh-rsa AAAAB3NzaC1yc2EAAAADAQABAAABgQDHcC9vn59ewofFX/xtbUZzvAnYQOcXqWnGueeawgmSieqzGCU+8DZvH0mA5jV25U00VkFUI1S935UBNG31XWTZmnBXeT3nOMkY4NKe/RI4PzRETFmuib7hhzdNmmSfDpiUkJFb0Zlg9ummdMpVLeu+SA2qQ8YDV0ybAn872ZL/4s+O8UgQvSlQbglE0TKJM3Z6VZb6rZhHFGCq1rx2WNNa6e7ohfMxU5KI+md9Hk5BnanSIZZf/XsZoZ0JGssZtAc48cyVC4f3IcPdhWHO/oxOJOy+QEPnn6iiQ4mal768bI3Pa8w5rimOBUybbBg5RzyIkk7MSUQfFXYLhTJ3FWqD4KSgmBNxJaivkidDjcV9MOah+7Fkl+9VuqdDrUzH02J0p8L2dnSuU6r6ALo1yRZxVsadPr7Q1NS6IA8sJOOqsVgwILcEMXg06Dcuj/gvbHeQjhg0J2DW+X84uYEA/dtiaMyc/Zh8GzoJU7i1NOr3H4b162uPy9G6bLz+7LzHYdM= ejbest@lenovo-win"
            ],
            "authorized_users": null,
            "backup_id": null,
            "backups": [
              {
                "enabled": false,
                "schedule": [
                  {
                    "day": "",
                    "window": ""
                  }
                ]
              }
            ],
            "backups_enabled": false,
            "boot_config_label": "My Ubuntu 18.04 LTS Disk Profile",
            "booted": true,
            "config": [
              {
                "comments": "",
                "devices": [
                  {
                    "sda": [
                      {
                        "disk_id": 86708001,
                        "disk_label": "Ubuntu 18.04 LTS Disk",
                        "volume_id": 0
                      }
                    ],
                    "sdb": [
                      {
                        "disk_id": 86708002,
                        "disk_label": "512 MB Swap Image",
                        "volume_id": 0
                      }
                    ],
                    "sdc": [],
                    "sdd": [],
                    "sde": [],
                    "sdf": [],
                    "sdg": [],
                    "sdh": []
                  }
                ],
                "helpers": [
                  {
                    "devtmpfs_automount": true,
                    "distro": true,
                    "modules_dep": true,
                    "network": true,
                    "updatedb_disabled": true
                  }
                ],
                "interface": [],
                "kernel": "linode/grub2",
                "label": "My Ubuntu 18.04 LTS Disk Profile",
                "memory_limit": 0,
                "root_device": "/dev/sda",
                "run_level": "default",
                "virt_mode": "paravirt"
              }
            ],
            "disk": [
              {
                "authorized_keys": [],
                "authorized_users": [],
                "filesystem": "ext4",
                "id": 86708001,
                "image": "",
                "label": "Ubuntu 18.04 LTS Disk",
                "read_only": false,
                "root_pass": "",
                "size": 50688,
                "stackscript_data": {},
                "stackscript_id": 0
              },
              {
                "authorized_keys": [],
                "authorized_users": [],
                "filesystem": "swap",
                "id": 86708002,
                "image": "",
                "label": "512 MB Swap Image",
                "read_only": false,
                "root_pass": "",
                "size": 512,
                "stackscript_data": {},
                "stackscript_id": 0
              }
            ],
            "group": "",
            "id": "43404092",
            "image": "linode/ubuntu18.04",
            "interface": [],
            "ip_address": "170.187.152.27",
            "ipv4": [
              "170.187.152.27"
            ],
            "ipv6": "2600:3c02::f03c:93ff:fe32:39dc/128",
            "label": "nextresearch",
            "private_ip": false,
            "private_ip_address": null,
            "region": "us-southeast",
            "resize_disk": false,
            "root_pass": "/Gbh3jmQ1S4uE3BrpRKj7XQlrmm/DawL+bw+Wd5nQGL/EVM8bdrjn7VCv8ttU1t6vUiHQ5d4uLiNqL2viS00Bw==",
            "shared_ipv4": [],
            "specs": [
              {
                "disk": 51200,
                "memory": 2048,
                "transfer": 2000,
                "vcpus": 1
              }
            ],
            "stackscript_data": null,
            "stackscript_id": null,
            "status": "running",
            "swap_size": 512,
            "tags": null,
            "timeouts": null,
            "type": "g6-standard-1",
            "watchdog_enabled": true
          },
          "sensitive_attributes": [],
          "private": "eyJlMmJmYjczMC1lY2FhLTExZTYtOGY4OC0zNDM2M2JjN2M0YzAiOnsiY3JlYXRlIjo2MDAwMDAwMDAwMDAsImRlbGV0ZSI6NjAwMDAwMDAwMDAwLCJ1cGRhdGUiOjEyMDAwMDAwMDAwMDB9fQ=="
        }
      ]
    }
  ],
  "check_results": null
}
